# This file is automatically @generated by Cargo.
# It is not intended for manual editing.
version = 3

[[package]]
name = "executor"
version = "0.8.4"
source = "registry+https://github.com/rust-lang/crates.io-index"
checksum = "7bfaefc810fbc9e17eeac9fd39fbb4eb3a886437a008ca7b885739de3ef2685b"
dependencies = [
 "spin",
 "woke",
]

[[package]]
name = "ockam_node_no_std"
version = "0.8.0-dev"
dependencies = [
 "executor",
]

[[package]]
name = "spin"
version = "0.5.2"
source = "registry+https://github.com/rust-lang/crates.io-index"
checksum = "6e63cff320ae2c57904679ba7cb63280a3dc4613885beafb148ee7bf9aa9042d"

[[package]]
name = "woke"
version = "0.0.2"
source = "registry+https://github.com/rust-lang/crates.io-index"
checksum = "eafdab77c9ee549298ca6585107832aa89d77b14ba13cda220fec6105b17dbb1"
